
Microsoft Visual Studio Solution File, Format Version 12.00
# Visual Studio Version 17
VisualStudioVersion = 17.0.31903.59
MinimumVisualStudioVersion = 10.0.40219.1
Project("{2150E333-8FDC-42A3-9474-1A3956D46DE8}") = "src", "src", "{AA614576-6AF3-4DF9-A873-ED460E4C55A5}"
EndProject
Project("{FAE04EC0-301F-11D3-BF4B-00C04F79EFBC}") = "Game", "src\Game\Game.csproj", "{5C5617CF-4CA1-4244-B4F9-59F282725986}"
EndProject
Project("{FAE04EC0-301F-11D3-BF4B-00C04F79EFBC}") = "Game.Core", "src\Game.Core\Game.Core.csproj", "{6E054EB6-70AF-4479-BB71-E7664D29822B}"
EndProject
Global
	GlobalSection(SolutionConfigurationPlatforms) = preSolution
		Debug|Any CPU = Debug|Any CPU
		Release|Any CPU = Release|Any CPU
	EndGlobalSection
	GlobalSection(SolutionProperties) = preSolution
		HideSolutionNode = FALSE
	EndGlobalSection
	GlobalSection(ProjectConfigurationPlatforms) = postSolution
		{5C5617CF-4CA1-4244-B4F9-59F282725986}.Debug|Any CPU.ActiveCfg = Debug|Any CPU
		{5C5617CF-4CA1-4244-B4F9-59F282725986}.Debug|Any CPU.Build.0 = Debug|Any CPU
		{5C5617CF-4CA1-4244-B4F9-59F282725986}.Release|Any CPU.ActiveCfg = Release|Any CPU
		{5C5617CF-4CA1-4244-B4F9-59F282725986}.Release|Any CPU.Build.0 = Release|Any CPU
		{6E054EB6-70AF-4479-BB71-E7664D29822B}.Debug|Any CPU.ActiveCfg = Debug|Any CPU
		{6E054EB6-70AF-4479-BB71-E7664D29822B}.Debug|Any CPU.Build.0 = Debug|Any CPU
		{6E054EB6-70AF-4479-BB71-E7664D29822B}.Release|Any CPU.ActiveCfg = Release|Any CPU
		{6E054EB6-70AF-4479-BB71-E7664D29822B}.Release|Any CPU.Build.0 = Release|Any CPU
	EndGlobalSection
	GlobalSection(NestedProjects) = preSolution
		{5C5617CF-4CA1-4244-B4F9-59F282725986} = {AA614576-6AF3-4DF9-A873-ED460E4C55A5}
		{6E054EB6-70AF-4479-BB71-E7664D29822B} = {AA614576-6AF3-4DF9-A873-ED460E4C55A5}
	EndGlobalSection
EndGlobal
